
Microsoft Visual Studio Solution File, Format Version 12.00
# Visual Studio 14
VisualStudioVersion = 14.0.24720.0
MinimumVisualStudioVersion = 10.0.40219.1
Project("{FAE04EC0-301F-11D3-BF4B-00C04F79EFBC}") = "XClip", "XClip\XClip.csproj", "{7924E56C-35D1-4AA1-AA9C-25AE93A86345}"
EndProject
Project("{FAE04EC0-301F-11D3-BF4B-00C04F79EFBC}") = "XClip.Tests", "XClip.Tests\XClip.Tests.csproj", "{DA641C3A-06F8-4643-9857-96E92CD484F3}"
EndProject
Project("{FAE04EC0-301F-11D3-BF4B-00C04F79EFBC}") = "XClip.Utils", "XClip.Utils\XClip.Utils.csproj", "{4EB65B5F-E752-4306-9C5A-9C0AB98F87BD}"
EndProject
Project("{FAE04EC0-301F-11D3-BF4B-00C04F79EFBC}") = "XClip.Api", "XClip.Api\XClip.Api.csproj", "{FAD9221C-B27B-411D-91DB-D0B10CD67336}"
EndProject
Global
	GlobalSection(SolutionConfigurationPlatforms) = preSolution
		Debug|Any CPU = Debug|Any CPU
		Release|Any CPU = Release|Any CPU
	EndGlobalSection
	GlobalSection(ProjectConfigurationPlatforms) = postSolution
		{7924E56C-35D1-4AA1-AA9C-25AE93A86345}.Debug|Any CPU.ActiveCfg = Debug|Any CPU
		{7924E56C-35D1-4AA1-AA9C-25AE93A86345}.Debug|Any CPU.Build.0 = Debug|Any CPU
		{7924E56C-35D1-4AA1-AA9C-25AE93A86345}.Release|Any CPU.ActiveCfg = Release|Any CPU
		{7924E56C-35D1-4AA1-AA9C-25AE93A86345}.Release|Any CPU.Build.0 = Release|Any CPU
		{DA641C3A-06F8-4643-9857-96E92CD484F3}.Debug|Any CPU.ActiveCfg = Debug|Any CPU
		{DA641C3A-06F8-4643-9857-96E92CD484F3}.Debug|Any CPU.Build.0 = Debug|Any CPU
		{DA641C3A-06F8-4643-9857-96E92CD484F3}.Release|Any CPU.ActiveCfg = Release|Any CPU
		{DA641C3A-06F8-4643-9857-96E92CD484F3}.Release|Any CPU.Build.0 = Release|Any CPU
		{4EB65B5F-E752-4306-9C5A-9C0AB98F87BD}.Debug|Any CPU.ActiveCfg = Debug|Any CPU
		{4EB65B5F-E752-4306-9C5A-9C0AB98F87BD}.Debug|Any CPU.Build.0 = Debug|Any CPU
		{4EB65B5F-E752-4306-9C5A-9C0AB98F87BD}.Release|Any CPU.ActiveCfg = Release|Any CPU
		{4EB65B5F-E752-4306-9C5A-9C0AB98F87BD}.Release|Any CPU.Build.0 = Release|Any CPU
		{FAD9221C-B27B-411D-91DB-D0B10CD67336}.Debug|Any CPU.ActiveCfg = Debug|Any CPU
		{FAD9221C-B27B-411D-91DB-D0B10CD67336}.Debug|Any CPU.Build.0 = Debug|Any CPU
		{FAD9221C-B27B-411D-91DB-D0B10CD67336}.Release|Any CPU.ActiveCfg = Release|Any CPU
		{FAD9221C-B27B-411D-91DB-D0B10CD67336}.Release|Any CPU.Build.0 = Release|Any CPU
	EndGlobalSection
	GlobalSection(SolutionProperties) = preSolution
		HideSolutionNode = FALSE
	EndGlobalSection
EndGlobal
